
Microsoft Visual Studio Solution File, Format Version 12.00
# Visual Studio 15
VisualStudioVersion = 15.0.28010.2046
MinimumVisualStudioVersion = 10.0.40219.1
Project("{9A19103F-16F7-4668-BE54-9A1E7A4F7556}") = "AutoGraphSharp.Test", "AutoGraphSharp.Test\AutoGraphSharp.Test.csproj", "{DDC59D66-427C-4752-A139-205336CE31ED}"
EndProject
Project("{9A19103F-16F7-4668-BE54-9A1E7A4F7556}") = "AutoGraphSharp.Example", "AutoGraphSharp.Example\AutoGraphSharp.Example.csproj", "{5109EBDB-5A45-4D9B-ABDF-6A521D6143CD}"
EndProject
Project("{9A19103F-16F7-4668-BE54-9A1E7A4F7556}") = "AutoGraphSharp", "AutoGraphSharp\AutoGraphSharp.csproj", "{D3166113-33D7-47EE-A843-109C53021BFF}"
EndProject
Global
	GlobalSection(SolutionConfigurationPlatforms) = preSolution
		Debug|Any CPU = Debug|Any CPU
		Release|Any CPU = Release|Any CPU
	EndGlobalSection
	GlobalSection(ProjectConfigurationPlatforms) = postSolution
		{DDC59D66-427C-4752-A139-205336CE31ED}.Debug|Any CPU.ActiveCfg = Debug|Any CPU
		{DDC59D66-427C-4752-A139-205336CE31ED}.Debug|Any CPU.Build.0 = Debug|Any CPU
		{DDC59D66-427C-4752-A139-205336CE31ED}.Release|Any CPU.ActiveCfg = Release|Any CPU
		{DDC59D66-427C-4752-A139-205336CE31ED}.Release|Any CPU.Build.0 = Release|Any CPU
		{5109EBDB-5A45-4D9B-ABDF-6A521D6143CD}.Debug|Any CPU.ActiveCfg = Debug|Any CPU
		{5109EBDB-5A45-4D9B-ABDF-6A521D6143CD}.Debug|Any CPU.Build.0 = Debug|Any CPU
		{5109EBDB-5A45-4D9B-ABDF-6A521D6143CD}.Release|Any CPU.ActiveCfg = Release|Any CPU
		{5109EBDB-5A45-4D9B-ABDF-6A521D6143CD}.Release|Any CPU.Build.0 = Release|Any CPU
		{D3166113-33D7-47EE-A843-109C53021BFF}.Debug|Any CPU.ActiveCfg = Debug|Any CPU
		{D3166113-33D7-47EE-A843-109C53021BFF}.Debug|Any CPU.Build.0 = Debug|Any CPU
		{D3166113-33D7-47EE-A843-109C53021BFF}.Release|Any CPU.ActiveCfg = Release|Any CPU
		{D3166113-33D7-47EE-A843-109C53021BFF}.Release|Any CPU.Build.0 = Release|Any CPU
	EndGlobalSection
	GlobalSection(SolutionProperties) = preSolution
		HideSolutionNode = FALSE
	EndGlobalSection
	GlobalSection(ExtensibilityGlobals) = postSolution
		SolutionGuid = {E72C8A4A-33BC-4623-8928-A3513126F31F}
	EndGlobalSection
EndGlobal
